
Microsoft Visual Studio Solution File, Format Version 12.00
# Visual Studio Version 17
VisualStudioVersion = 17.0.31903.59
MinimumVisualStudioVersion = 10.0.40219.1
Project("{2150E333-8FDC-42A3-9474-1A3956D46DE8}") = "progameren", "progameren", "{73192639-D63E-EEF7-8E0B-DA3F196BCFDD}"
EndProject
Project("{2150E333-8FDC-42A3-9474-1A3956D46DE8}") = "prog-5", "prog-5", "{3DD9ABD1-0A7B-2969-818C-74E951990542}"
EndProject
Project("{FAE04EC0-301F-11D3-BF4B-00C04F79EFBC}") = "les-3", "progameren\prog-5\les-3\les-3.csproj", "{79D59B1C-C6E2-40E3-82A7-7C611754E1AB}"
EndProject
Project("{FAE04EC0-301F-11D3-BF4B-00C04F79EFBC}") = "eindopdracht", "progameren\prog-5\eindopdracht\eindopdracht.csproj", "{E4AC25FD-61C0-4D9A-AF50-1245152D2925}"
EndProject
Project("{2150E333-8FDC-42A3-9474-1A3956D46DE8}") = "webdev", "webdev", "{B24DAC5E-90D3-1647-BF94-1045781CCF9D}"
EndProject
Project("{FAE04EC0-301F-11D3-BF4B-00C04F79EFBC}") = "MvcMovie", "webdev\MvcMovie\MvcMovie.csproj", "{DF809E13-CBC7-4A83-ABCB-75494CAB21E0}"
EndProject
Global
	GlobalSection(SolutionConfigurationPlatforms) = preSolution
		Debug|Any CPU = Debug|Any CPU
		Debug|x64 = Debug|x64
		Debug|x86 = Debug|x86
		Release|Any CPU = Release|Any CPU
		Release|x64 = Release|x64
		Release|x86 = Release|x86
	EndGlobalSection
	GlobalSection(ProjectConfigurationPlatforms) = postSolution
		{79D59B1C-C6E2-40E3-82A7-7C611754E1AB}.Debug|Any CPU.ActiveCfg = Debug|Any CPU
		{79D59B1C-C6E2-40E3-82A7-7C611754E1AB}.Debug|Any CPU.Build.0 = Debug|Any CPU
		{79D59B1C-C6E2-40E3-82A7-7C611754E1AB}.Debug|x64.ActiveCfg = Debug|Any CPU
		{79D59B1C-C6E2-40E3-82A7-7C611754E1AB}.Debug|x64.Build.0 = Debug|Any CPU
		{79D59B1C-C6E2-40E3-82A7-7C611754E1AB}.Debug|x86.ActiveCfg = Debug|Any CPU
		{79D59B1C-C6E2-40E3-82A7-7C611754E1AB}.Debug|x86.Build.0 = Debug|Any CPU
		{79D59B1C-C6E2-40E3-82A7-7C611754E1AB}.Release|Any CPU.ActiveCfg = Release|Any CPU
		{79D59B1C-C6E2-40E3-82A7-7C611754E1AB}.Release|Any CPU.Build.0 = Release|Any CPU
		{79D59B1C-C6E2-40E3-82A7-7C611754E1AB}.Release|x64.ActiveCfg = Release|Any CPU
		{79D59B1C-C6E2-40E3-82A7-7C611754E1AB}.Release|x64.Build.0 = Release|Any CPU
		{79D59B1C-C6E2-40E3-82A7-7C611754E1AB}.Release|x86.ActiveCfg = Release|Any CPU
		{79D59B1C-C6E2-40E3-82A7-7C611754E1AB}.Release|x86.Build.0 = Release|Any CPU
		{E4AC25FD-61C0-4D9A-AF50-1245152D2925}.Debug|Any CPU.ActiveCfg = Debug|Any CPU
		{E4AC25FD-61C0-4D9A-AF50-1245152D2925}.Debug|Any CPU.Build.0 = Debug|Any CPU
		{E4AC25FD-61C0-4D9A-AF50-1245152D2925}.Debug|x64.ActiveCfg = Debug|Any CPU
		{E4AC25FD-61C0-4D9A-AF50-1245152D2925}.Debug|x64.Build.0 = Debug|Any CPU
		{E4AC25FD-61C0-4D9A-AF50-1245152D2925}.Debug|x86.ActiveCfg = Debug|Any CPU
		{E4AC25FD-61C0-4D9A-AF50-1245152D2925}.Debug|x86.Build.0 = Debug|Any CPU
		{E4AC25FD-61C0-4D9A-AF50-1245152D2925}.Release|Any CPU.ActiveCfg = Release|Any CPU
		{E4AC25FD-61C0-4D9A-AF50-1245152D2925}.Release|Any CPU.Build.0 = Release|Any CPU
		{E4AC25FD-61C0-4D9A-AF50-1245152D2925}.Release|x64.ActiveCfg = Release|Any CPU
		{E4AC25FD-61C0-4D9A-AF50-1245152D2925}.Release|x64.Build.0 = Release|Any CPU
		{E4AC25FD-61C0-4D9A-AF50-1245152D2925}.Release|x86.ActiveCfg = Release|Any CPU
		{E4AC25FD-61C0-4D9A-AF50-1245152D2925}.Release|x86.Build.0 = Release|Any CPU
		{DF809E13-CBC7-4A83-ABCB-75494CAB21E0}.Debug|Any CPU.ActiveCfg = Debug|Any CPU
		{DF809E13-CBC7-4A83-ABCB-75494CAB21E0}.Debug|Any CPU.Build.0 = Debug|Any CPU
		{DF809E13-CBC7-4A83-ABCB-75494CAB21E0}.Debug|x64.ActiveCfg = Debug|Any CPU
		{DF809E13-CBC7-4A83-ABCB-75494CAB21E0}.Debug|x64.Build.0 = Debug|Any CPU
		{DF809E13-CBC7-4A83-ABCB-75494CAB21E0}.Debug|x86.ActiveCfg = Debug|Any CPU
		{DF809E13-CBC7-4A83-ABCB-75494CAB21E0}.Debug|x86.Build.0 = Debug|Any CPU
		{DF809E13-CBC7-4A83-ABCB-75494CAB21E0}.Release|Any CPU.ActiveCfg = Release|Any CPU
		{DF809E13-CBC7-4A83-ABCB-75494CAB21E0}.Release|Any CPU.Build.0 = Release|Any CPU
		{DF809E13-CBC7-4A83-ABCB-75494CAB21E0}.Release|x64.ActiveCfg = Release|Any CPU
		{DF809E13-CBC7-4A83-ABCB-75494CAB21E0}.Release|x64.Build.0 = Release|Any CPU
		{DF809E13-CBC7-4A83-ABCB-75494CAB21E0}.Release|x86.ActiveCfg = Release|Any CPU
		{DF809E13-CBC7-4A83-ABCB-75494CAB21E0}.Release|x86.Build.0 = Release|Any CPU
	EndGlobalSection
	GlobalSection(SolutionProperties) = preSolution
		HideSolutionNode = FALSE
	EndGlobalSection
	GlobalSection(NestedProjects) = preSolution
		{3DD9ABD1-0A7B-2969-818C-74E951990542} = {73192639-D63E-EEF7-8E0B-DA3F196BCFDD}
		{79D59B1C-C6E2-40E3-82A7-7C611754E1AB} = {3DD9ABD1-0A7B-2969-818C-74E951990542}
		{E4AC25FD-61C0-4D9A-AF50-1245152D2925} = {3DD9ABD1-0A7B-2969-818C-74E951990542}
		{DF809E13-CBC7-4A83-ABCB-75494CAB21E0} = {B24DAC5E-90D3-1647-BF94-1045781CCF9D}
	EndGlobalSection
EndGlobal
